
Microsoft Visual Studio Solution File, Format Version 12.00
# Visual Studio Version 17
VisualStudioVersion = 17.14.36804.6 d17.14
MinimumVisualStudioVersion = 10.0.40219.1
Project("{FAE04EC0-301F-11D3-BF4B-00C04F79EFBC}") = "LogistiqueGestion.API", "LogistiqueGestion.API\LogistiqueGestion.API.csproj", "{BCC943DA-AECB-42C2-A8F7-0D03686ED05F}"
EndProject
Global
	GlobalSection(SolutionConfigurationPlatforms) = preSolution
		Debug|Any CPU = Debug|Any CPU
		Release|Any CPU = Release|Any CPU
	EndGlobalSection
	GlobalSection(ProjectConfigurationPlatforms) = postSolution
		{B064CD59-0431-47F3-90A4-9F642A6678E8}.Debug|Any CPU.ActiveCfg = Debug|Any CPU
		{B064CD59-0431-47F3-90A4-9F642A6678E8}.Debug|Any CPU.Build.0 = Debug|Any CPU
		{B064CD59-0431-47F3-90A4-9F642A6678E8}.Release|Any CPU.ActiveCfg = Release|Any CPU
		{B064CD59-0431-47F3-90A4-9F642A6678E8}.Release|Any CPU.Build.0 = Release|Any CPU
		{BCC943DA-AECB-42C2-A8F7-0D03686ED05F}.Debug|Any CPU.ActiveCfg = Debug|Any CPU
		{BCC943DA-AECB-42C2-A8F7-0D03686ED05F}.Debug|Any CPU.Build.0 = Debug|Any CPU
		{BCC943DA-AECB-42C2-A8F7-0D03686ED05F}.Release|Any CPU.ActiveCfg = Release|Any CPU
		{BCC943DA-AECB-42C2-A8F7-0D03686ED05F}.Release|Any CPU.Build.0 = Release|Any CPU
	EndGlobalSection
	GlobalSection(SolutionProperties) = preSolution
		HideSolutionNode = FALSE
	EndGlobalSection
	GlobalSection(ExtensibilityGlobals) = postSolution
		SolutionGuid = {70D589A9-96A3-4329-A71C-80C243C4FF5B}
	EndGlobalSection
EndGlobal
